
Microsoft Visual Studio Solution File, Format Version 12.00
# Visual Studio Version 16
VisualStudioVersion = 16.0.29324.140
MinimumVisualStudioVersion = 10.0.40219.1
Project("{FAE04EC0-301F-11D3-BF4B-00C04F79EFBC}") = "Cafe_Management", "Cafe_Management\Cafe_Management.csproj", "{68EC9CA9-60EF-4B8A-B93A-A0FBC243F5B5}"
EndProject
Global
	GlobalSection(SolutionConfigurationPlatforms) = preSolution
		Debug|Any CPU = Debug|Any CPU
		Release|Any CPU = Release|Any CPU
	EndGlobalSection
	GlobalSection(ProjectConfigurationPlatforms) = postSolution
		{68EC9CA9-60EF-4B8A-B93A-A0FBC243F5B5}.Debug|Any CPU.ActiveCfg = Debug|Any CPU
		{68EC9CA9-60EF-4B8A-B93A-A0FBC243F5B5}.Debug|Any CPU.Build.0 = Debug|Any CPU
		{68EC9CA9-60EF-4B8A-B93A-A0FBC243F5B5}.Release|Any CPU.ActiveCfg = Release|Any CPU
		{68EC9CA9-60EF-4B8A-B93A-A0FBC243F5B5}.Release|Any CPU.Build.0 = Release|Any CPU
	EndGlobalSection
	GlobalSection(SolutionProperties) = preSolution
		HideSolutionNode = FALSE
	EndGlobalSection
	GlobalSection(ExtensibilityGlobals) = postSolution
		SolutionGuid = {8FE5E717-0ADE-4837-A0B2-3024AF251A55}
	EndGlobalSection
EndGlobal
